[{<<"cowboy">>,
  {git,"https://github.com/ninenines/cowboy",
       {ref,"2a082504996afccf78185182cd168123800bd4f0"}},
  1},
 {<<"cowlib">>,
  {git,"https://github.com/ninenines/cowlib",
       {ref,"e9448e5628c8c1d9083223ff973af8de31a566d1"}},
  2},
 {<<"gun">>,
  {git,"https://github.com/ninenines/gun",
       {ref,"f9175998687678e227bdd49669e2d83f0648fa57"}},
  1},
 {<<"jsone">>,
  {git,"https://github.com/sile/jsone",
       {ref,"f34edbc7fabf396a57c3f59a5827fb8fd7c4e59b"}},
  1},
 {<<"ranch">>,
  {git,"https://github.com/ninenines/ranch",
       {ref,"a692f44567034dacf5efcaa24a24183788594eb7"}},
  2}].
